
Microsoft Visual Studio Solution File, Format Version 12.00
# Visual Studio Version 17
VisualStudioVersion = 17.0.31903.59
MinimumVisualStudioVersion = 10.0.40219.1
Project("{FAE04EC0-301F-11D3-BF4B-00C04F79EFBC}") = "POS.ConsoleApp", "POS.ConsoleApp\POS.ConsoleApp.csproj", "{D4AC2EAD-6B5D-4265-86E7-175F34C4E93A}"
EndProject
Project("{FAE04EC0-301F-11D3-BF4B-00C04F79EFBC}") = "POS.SyncService", "POS.SyncService\POS.SyncService.csproj", "{793B756D-A3DD-42C7-9B8E-19017F965C0E}"
EndProject
Project("{FAE04EC0-301F-11D3-BF4B-00C04F79EFBC}") = "StoreInventory.API", "StoreInventory.API\StoreInventory.API.csproj", "{B992DBF4-36D4-461B-8A3D-3D3A3EFFE77E}"
EndProject
Project("{FAE04EC0-301F-11D3-BF4B-00C04F79EFBC}") = "Common", "Common\Common.csproj", "{F8AF7D5D-6EFB-4F50-B704-EE1F89C3E46F}"
EndProject
Global
	GlobalSection(SolutionConfigurationPlatforms) = preSolution
		Debug|Any CPU = Debug|Any CPU
		Release|Any CPU = Release|Any CPU
	EndGlobalSection
	GlobalSection(SolutionProperties) = preSolution
		HideSolutionNode = FALSE
	EndGlobalSection
	GlobalSection(ProjectConfigurationPlatforms) = postSolution
		{D4AC2EAD-6B5D-4265-86E7-175F34C4E93A}.Debug|Any CPU.ActiveCfg = Debug|Any CPU
		{D4AC2EAD-6B5D-4265-86E7-175F34C4E93A}.Debug|Any CPU.Build.0 = Debug|Any CPU
		{D4AC2EAD-6B5D-4265-86E7-175F34C4E93A}.Release|Any CPU.ActiveCfg = Release|Any CPU
		{D4AC2EAD-6B5D-4265-86E7-175F34C4E93A}.Release|Any CPU.Build.0 = Release|Any CPU
		{793B756D-A3DD-42C7-9B8E-19017F965C0E}.Debug|Any CPU.ActiveCfg = Debug|Any CPU
		{793B756D-A3DD-42C7-9B8E-19017F965C0E}.Debug|Any CPU.Build.0 = Debug|Any CPU
		{793B756D-A3DD-42C7-9B8E-19017F965C0E}.Release|Any CPU.ActiveCfg = Release|Any CPU
		{793B756D-A3DD-42C7-9B8E-19017F965C0E}.Release|Any CPU.Build.0 = Release|Any CPU
		{B992DBF4-36D4-461B-8A3D-3D3A3EFFE77E}.Debug|Any CPU.ActiveCfg = Debug|Any CPU
		{B992DBF4-36D4-461B-8A3D-3D3A3EFFE77E}.Debug|Any CPU.Build.0 = Debug|Any CPU
		{B992DBF4-36D4-461B-8A3D-3D3A3EFFE77E}.Release|Any CPU.ActiveCfg = Release|Any CPU
		{B992DBF4-36D4-461B-8A3D-3D3A3EFFE77E}.Release|Any CPU.Build.0 = Release|Any CPU
		{F8AF7D5D-6EFB-4F50-B704-EE1F89C3E46F}.Debug|Any CPU.ActiveCfg = Debug|Any CPU
		{F8AF7D5D-6EFB-4F50-B704-EE1F89C3E46F}.Debug|Any CPU.Build.0 = Debug|Any CPU
		{F8AF7D5D-6EFB-4F50-B704-EE1F89C3E46F}.Release|Any CPU.ActiveCfg = Release|Any CPU
		{F8AF7D5D-6EFB-4F50-B704-EE1F89C3E46F}.Release|Any CPU.Build.0 = Release|Any CPU
	EndGlobalSection
EndGlobal
